{"1.2.0",
[{<<"cowboy">>,{pkg,<<"cowboy">>,<<"2.12.0">>},0},
 {<<"cowlib">>,{pkg,<<"cowlib">>,<<"2.13.0">>},1},
 {<<"jiffy">>,{pkg,<<"jiffy">>,<<"2.0.0">>},0},
 {<<"n2o">>,{pkg,<<"n2o">>,<<"13.4.15">>},0},
 {<<"nitro">>,{pkg,<<"nitro">>,<<"11.4.16">>},0},
 {<<"procket">>,{pkg,<<"procket">>,<<"0.9.10">>},1},
 {<<"ranch">>,{pkg,<<"ranch">>,<<"1.8.0">>},1},
 {<<"tunctl">>,{pkg,<<"tunctl">>,<<"1.0.0">>},0}]}.
[
{pkg_hash,[
 {<<"cowboy">>, <<"F276D521A1FF88B2B9B4C54D0E753DA6C66DD7BE6C9FCA3D9418B561828A3731">>},
 {<<"cowlib">>, <<"DB8F7505D8332D98EF50A3EF34B34C1AFDDEC7506E4EE4DD4A3A266285D282CA">>},
 {<<"jiffy">>, <<"1D7605EE31C4FD9B454725D744716B59E2ABD88297862C8931B605C83B076480">>},
 {<<"n2o">>, <<"7A978084358E91343F7BC9F66FBF81933498D3E51CDFCC4BFC8D281FE5C9452E">>},
 {<<"nitro">>, <<"729F81ED4B80F65F63407249F71321AE0B7D994A707DC8DE9ACCFA1444D80DEC">>},
 {<<"procket">>, <<"21824FA3881377754238A7A2E08B7865350CE3FA2CDE8BE54872806B9CDBB6BB">>},
 {<<"ranch">>, <<"8C7A100A139FD57F17327B6413E4167AC559FBC04CA7448E9BE9057311597A1D">>},
 {<<"tunctl">>, <<"E278D176F68F9028445FC3436401259FAF469F422DCF5FAB516CCC8E2A155A42">>}]},
{pkg_hash_ext,[
 {<<"cowboy">>, <<"8A7ABE6D183372CEB21CAA2709BEC928AB2B72E18A3911AA1771639BEF82651E">>},
 {<<"cowlib">>, <<"E1E1284DC3FC030A64B1AD0D8382AE7E99DA46C3246B815318A4B848873800A4">>},
 {<<"jiffy">>, <<"73F58877CCAAE14E14601C95928E2913FD1C1EF28E6EF4F274A8D62819F9E04F">>},
 {<<"n2o">>, <<"690DA7BB6FE99DADD24296715F800633D623B000155EFF43233FBB4435AC5F00">>},
 {<<"nitro">>, <<"77F5FDAA4503431D183F725D75970109F6ADE8AAEDC2DE25E7AB49D6A41689E5">>},
 {<<"procket">>, <<"B73A8E31F8395BEA90A5B27F95FDF32DE81FD8097AA51709D18BBF85DB04C9BA">>},
 {<<"ranch">>, <<"49FBCFD3682FAB1F5D109351B61257676DA1A2FDBE295904176D5E521A2DDFE5">>},
 {<<"tunctl">>, <<"1A0D6893400D2EB0D783948E366AA2BB1025045B0F4FF523D647F2BDD52D3ADC">>}]}
].
