{"1.2.0",
[{<<"jiffy">>,{pkg,<<"jiffy">>,<<"2.0.0">>},0},
 {<<"procket">>,{pkg,<<"procket">>,<<"0.9.10">>},1},
 {<<"tunctl">>,{pkg,<<"tunctl">>,<<"1.0.0">>},0}]}.
[
{pkg_hash,[
 {<<"jiffy">>, <<"1D7605EE31C4FD9B454725D744716B59E2ABD88297862C8931B605C83B076480">>},
 {<<"procket">>, <<"21824FA3881377754238A7A2E08B7865350CE3FA2CDE8BE54872806B9CDBB6BB">>},
 {<<"tunctl">>, <<"E278D176F68F9028445FC3436401259FAF469F422DCF5FAB516CCC8E2A155A42">>}]},
{pkg_hash_ext,[
 {<<"jiffy">>, <<"73F58877CCAAE14E14601C95928E2913FD1C1EF28E6EF4F274A8D62819F9E04F">>},
 {<<"procket">>, <<"B73A8E31F8395BEA90A5B27F95FDF32DE81FD8097AA51709D18BBF85DB04C9BA">>},
 {<<"tunctl">>, <<"1A0D6893400D2EB0D783948E366AA2BB1025045B0F4FF523D647F2BDD52D3ADC">>}]}
].
